
Microsoft Visual Studio Solution File, Format Version 12.00
# Visual Studio Version 17
VisualStudioVersion = 17.1.32407.343
MinimumVisualStudioVersion = 10.0.40219.1
Project("{FAE04EC0-301F-11D3-BF4B-00C04F79EFBC}") = "MonthlyPaymentCalculation", "MonthlyPaymentCalculation\MonthlyPaymentCalculation.csproj", "{1D39ABB3-4EE4-443D-A6E7-BB4272E9A40E}"
EndProject
Global
	GlobalSection(SolutionConfigurationPlatforms) = preSolution
		Debug|Any CPU = Debug|Any CPU
		Release|Any CPU = Release|Any CPU
	EndGlobalSection
	GlobalSection(ProjectConfigurationPlatforms) = postSolution
		{1D39ABB3-4EE4-443D-A6E7-BB4272E9A40E}.Debug|Any CPU.ActiveCfg = Debug|Any CPU
		{1D39ABB3-4EE4-443D-A6E7-BB4272E9A40E}.Debug|Any CPU.Build.0 = Debug|Any CPU
		{1D39ABB3-4EE4-443D-A6E7-BB4272E9A40E}.Release|Any CPU.ActiveCfg = Release|Any CPU
		{1D39ABB3-4EE4-443D-A6E7-BB4272E9A40E}.Release|Any CPU.Build.0 = Release|Any CPU
	EndGlobalSection
	GlobalSection(SolutionProperties) = preSolution
		HideSolutionNode = FALSE
	EndGlobalSection
	GlobalSection(ExtensibilityGlobals) = postSolution
		SolutionGuid = {C0659FD5-F591-4F78-BBFA-FD5BF411B542}
	EndGlobalSection
EndGlobal
